
Microsoft Visual Studio Solution File, Format Version 11.00
# Visual Studio 2010
Project("{2150E333-8FDC-42A3-9474-1A3956D46DE8}") = "Designer", "Designer", "{5A43AAB6-4C89-4C6C-9F34-5FBC629E3C22}"
EndProject
Project("{2150E333-8FDC-42A3-9474-1A3956D46DE8}") = "Framework", "Framework", "{4A579780-6E6D-4D8D-8A29-132C00813496}"
EndProject
Project("{2150E333-8FDC-42A3-9474-1A3956D46DE8}") = "Test", "Test", "{D07CDBC7-9A2B-417F-8260-AA95E1952F89}"
EndProject
Project("{2150E333-8FDC-42A3-9474-1A3956D46DE8}") = "Desktop", "Desktop", "{E2F34103-3B3A-4824-8FF0-CB63962A1038}"
EndProject
Project("{2150E333-8FDC-42A3-9474-1A3956D46DE8}") = "Web", "Web", "{019D1197-39E6-401A-ADF0-0E2879CFA8D8}"
EndProject
Project("{2150E333-8FDC-42A3-9474-1A3956D46DE8}") = "Mobile", "Mobile", "{44361EE4-7A08-4352-9936-97E1F5053E6B}"
EndProject
Project("{2150E333-8FDC-42A3-9474-1A3956D46DE8}") = "TDD", "TDD", "{4C1D754F-3119-438C-8FD6-6F7A709FCEE1}"
EndProject
Project("{2150E333-8FDC-42A3-9474-1A3956D46DE8}") = "WCF", "WCF", "{E6D1BB93-868A-4D28-8EA3-9B609C89210A}"
EndProject
Project("{FAE04EC0-301F-11D3-BF4B-00C04F79EFBC}") = "DslPackage", "DslPackage\DslPackage.csproj", "{2573D4F0-28FC-4FF1-B260-1844BA27E569}"
EndProject
Project("{FAE04EC0-301F-11D3-BF4B-00C04F79EFBC}") = "PersistentManager", "PersistentManager\PersistentManager.csproj", "{585E2EFC-68D7-409C-BFF2-6CBE8DE06ABE}"
EndProject
Project("{FAE04EC0-301F-11D3-BF4B-00C04F79EFBC}") = "Dsl", "Dsl\Dsl.csproj", "{3F1AA0F3-06FA-4E35-8F36-64C2412515D0}"
EndProject
Project("{FAE04EC0-301F-11D3-BF4B-00C04F79EFBC}") = "RapidEntitySetup", "RapidEntitySetup\RapidEntitySetup.csproj", "{E2E9F352-4D6B-406C-8C31-1D39D905820C}"
EndProject
Project("{FAE04EC0-301F-11D3-BF4B-00C04F79EFBC}") = "RapidAsService", "RapidEntityTest\RapidAsService\RapidAsService.csproj", "{9A76D7F9-C53D-4F26-9B26-F231637FBADE}"
EndProject
Project("{FAE04EC0-301F-11D3-BF4B-00C04F79EFBC}") = "PersistentFrameworkTest", "RapidEntityTest\PersistentFrameworkTest\PersistentFrameworkTest.csproj", "{65F879F4-81B8-44F1-9074-AF8EF0D462CA}"
EndProject
Project("{FAE04EC0-301F-11D3-BF4B-00C04F79EFBC}") = "Persistent.Entities", "RapidEntityTest\Persistent.Entities\Persistent.Entities.csproj", "{AAB50272-D29A-4085-A9C4-DDE5D86D550E}"
EndProject
Project("{FAE04EC0-301F-11D3-BF4B-00C04F79EFBC}") = "RapidWebTest", "RapidWebTest\RapidWebTest.csproj", "{9527D1E7-EEA1-4A20-AE7F-A6A31C7FC49B}"
EndProject
Global
	GlobalSection(SolutionConfigurationPlatforms) = preSolution
		Debug|Any CPU = Debug|Any CPU
		Release|Any CPU = Release|Any CPU
	EndGlobalSection
	GlobalSection(ProjectConfigurationPlatforms) = postSolution
		{2573D4F0-28FC-4FF1-B260-1844BA27E569}.Debug|Any CPU.ActiveCfg = Debug|Any CPU
		{2573D4F0-28FC-4FF1-B260-1844BA27E569}.Debug|Any CPU.Build.0 = Debug|Any CPU
		{2573D4F0-28FC-4FF1-B260-1844BA27E569}.Release|Any CPU.ActiveCfg = Release|Any CPU
		{2573D4F0-28FC-4FF1-B260-1844BA27E569}.Release|Any CPU.Build.0 = Release|Any CPU
		{585E2EFC-68D7-409C-BFF2-6CBE8DE06ABE}.Debug|Any CPU.ActiveCfg = Debug|Any CPU
		{585E2EFC-68D7-409C-BFF2-6CBE8DE06ABE}.Debug|Any CPU.Build.0 = Debug|Any CPU
		{585E2EFC-68D7-409C-BFF2-6CBE8DE06ABE}.Release|Any CPU.ActiveCfg = Release|Any CPU
		{585E2EFC-68D7-409C-BFF2-6CBE8DE06ABE}.Release|Any CPU.Build.0 = Release|Any CPU
		{3F1AA0F3-06FA-4E35-8F36-64C2412515D0}.Debug|Any CPU.ActiveCfg = Debug|Any CPU
		{3F1AA0F3-06FA-4E35-8F36-64C2412515D0}.Debug|Any CPU.Build.0 = Debug|Any CPU
		{3F1AA0F3-06FA-4E35-8F36-64C2412515D0}.Release|Any CPU.ActiveCfg = Release|Any CPU
		{3F1AA0F3-06FA-4E35-8F36-64C2412515D0}.Release|Any CPU.Build.0 = Release|Any CPU
		{E2E9F352-4D6B-406C-8C31-1D39D905820C}.Debug|Any CPU.ActiveCfg = Debug|Any CPU
		{E2E9F352-4D6B-406C-8C31-1D39D905820C}.Debug|Any CPU.Build.0 = Debug|Any CPU
		{E2E9F352-4D6B-406C-8C31-1D39D905820C}.Release|Any CPU.ActiveCfg = Release|Any CPU
		{E2E9F352-4D6B-406C-8C31-1D39D905820C}.Release|Any CPU.Build.0 = Release|Any CPU
		{9A76D7F9-C53D-4F26-9B26-F231637FBADE}.Debug|Any CPU.ActiveCfg = Debug|Any CPU
		{9A76D7F9-C53D-4F26-9B26-F231637FBADE}.Debug|Any CPU.Build.0 = Debug|Any CPU
		{9A76D7F9-C53D-4F26-9B26-F231637FBADE}.Release|Any CPU.ActiveCfg = Release|Any CPU
		{9A76D7F9-C53D-4F26-9B26-F231637FBADE}.Release|Any CPU.Build.0 = Release|Any CPU
		{65F879F4-81B8-44F1-9074-AF8EF0D462CA}.Debug|Any CPU.ActiveCfg = Debug|Any CPU
		{65F879F4-81B8-44F1-9074-AF8EF0D462CA}.Debug|Any CPU.Build.0 = Debug|Any CPU
		{65F879F4-81B8-44F1-9074-AF8EF0D462CA}.Release|Any CPU.ActiveCfg = Release|Any CPU
		{65F879F4-81B8-44F1-9074-AF8EF0D462CA}.Release|Any CPU.Build.0 = Release|Any CPU
		{AAB50272-D29A-4085-A9C4-DDE5D86D550E}.Debug|Any CPU.ActiveCfg = Debug|Any CPU
		{AAB50272-D29A-4085-A9C4-DDE5D86D550E}.Debug|Any CPU.Build.0 = Debug|Any CPU
		{AAB50272-D29A-4085-A9C4-DDE5D86D550E}.Release|Any CPU.ActiveCfg = Release|Any CPU
		{AAB50272-D29A-4085-A9C4-DDE5D86D550E}.Release|Any CPU.Build.0 = Release|Any CPU
		{9527D1E7-EEA1-4A20-AE7F-A6A31C7FC49B}.Debug|Any CPU.ActiveCfg = Debug|Any CPU
		{9527D1E7-EEA1-4A20-AE7F-A6A31C7FC49B}.Debug|Any CPU.Build.0 = Debug|Any CPU
		{9527D1E7-EEA1-4A20-AE7F-A6A31C7FC49B}.Release|Any CPU.ActiveCfg = Release|Any CPU
		{9527D1E7-EEA1-4A20-AE7F-A6A31C7FC49B}.Release|Any CPU.Build.0 = Release|Any CPU
	EndGlobalSection
	GlobalSection(SolutionProperties) = preSolution
		HideSolutionNode = FALSE
	EndGlobalSection
	GlobalSection(NestedProjects) = preSolution
		{2573D4F0-28FC-4FF1-B260-1844BA27E569} = {5A43AAB6-4C89-4C6C-9F34-5FBC629E3C22}
		{3F1AA0F3-06FA-4E35-8F36-64C2412515D0} = {5A43AAB6-4C89-4C6C-9F34-5FBC629E3C22}
		{E2E9F352-4D6B-406C-8C31-1D39D905820C} = {5A43AAB6-4C89-4C6C-9F34-5FBC629E3C22}
		{585E2EFC-68D7-409C-BFF2-6CBE8DE06ABE} = {4A579780-6E6D-4D8D-8A29-132C00813496}
		{E2F34103-3B3A-4824-8FF0-CB63962A1038} = {D07CDBC7-9A2B-417F-8260-AA95E1952F89}
		{019D1197-39E6-401A-ADF0-0E2879CFA8D8} = {D07CDBC7-9A2B-417F-8260-AA95E1952F89}
		{44361EE4-7A08-4352-9936-97E1F5053E6B} = {D07CDBC7-9A2B-417F-8260-AA95E1952F89}
		{4C1D754F-3119-438C-8FD6-6F7A709FCEE1} = {D07CDBC7-9A2B-417F-8260-AA95E1952F89}
		{E6D1BB93-868A-4D28-8EA3-9B609C89210A} = {D07CDBC7-9A2B-417F-8260-AA95E1952F89}
		{65F879F4-81B8-44F1-9074-AF8EF0D462CA} = {E2F34103-3B3A-4824-8FF0-CB63962A1038}
		{AAB50272-D29A-4085-A9C4-DDE5D86D550E} = {E2F34103-3B3A-4824-8FF0-CB63962A1038}
		{9527D1E7-EEA1-4A20-AE7F-A6A31C7FC49B} = {019D1197-39E6-401A-ADF0-0E2879CFA8D8}
		{9A76D7F9-C53D-4F26-9B26-F231637FBADE} = {E6D1BB93-868A-4D28-8EA3-9B609C89210A}
	EndGlobalSection
EndGlobal
